{
  "requires": true,
  "lockfileVersion": 1,
  "dependencies": {
    "vm-promise": {
      "version": "2.0.0",
      "resolved": "https://registry.npmjs.org/vm-promise/-/vm-promise-2.0.0.tgz",
      "integrity": "sha512-F77dIMvIU4RWaQDk0/bVm1KcJ54/Ay+wV27kVb4TPWTvSV8r/Jg8tzwT3TKMMQxMTWn1DQQ5CM5of+NMcugEbg=="
    }
  }
}
